schema: '2.0'
stages:
  data_ingestion:
    cmd: python src/data_ingestion.py
    deps:
    - path: src/data_ingestion.py
      hash: md5
      md5: 8d4d6842461ba319b28e98d6aa89dcc7
      size: 1983
    outs:
    - path: data/raw
      hash: md5
      md5: b4be415ba6e9f3820fa91911f48f8f16.dir
      size: 817597
      nfiles: 2
  data_preprocessing:
    cmd: python src/data_preprocessing.py
    deps:
    - path: data/raw
      hash: md5
      md5: b4be415ba6e9f3820fa91911f48f8f16.dir
      size: 817597
      nfiles: 2
    - path: src/data_preprocessing.py
      hash: md5
      md5: 6510a740085e3dc967a49772db509d72
      size: 2363
    outs:
    - path: data/processed
      hash: md5
      md5: 0b1791cbebec82e4f981309e7e5ba4e9.dir
      size: 605486
      nfiles: 2
  feature_engineering:
    cmd: python src/feature_engineering.py
    deps:
    - path: data/processed
      hash: md5
      md5: 0b1791cbebec82e4f981309e7e5ba4e9.dir
      size: 605486
      nfiles: 2
    - path: src/feature_engineering.py
      hash: md5
      md5: 5d6514b4354cf80d3bc628b56ad0bdc9
      size: 1191
    outs:
    - path: data/features
      hash: md5
      md5: 218c7bf5a4b0ef94532dfaa18d2ed3a6.dir
      size: 1108092
      nfiles: 2
  model_building:
    cmd: python src/model_building.py
    deps:
    - path: data/features
      hash: md5
      md5: 218c7bf5a4b0ef94532dfaa18d2ed3a6.dir
      size: 1108092
      nfiles: 2
    - path: src/model_building.py
      hash: md5
      md5: 5689798f74a61aa795217388415e680f
      size: 452
    outs:
    - path: model.pkl
      hash: md5
      md5: b1a19350dc15e7bffd52d14750a09b8a
      size: 73036
  model_evaluation:
    cmd: python src/model_evaluation.py
    deps:
    - path: model.pkl
      hash: md5
      md5: b1a19350dc15e7bffd52d14750a09b8a
      size: 73036
    - path: src/model_evaluation.py
      hash: md5
      md5: 36e9126fe15c726532a0e582d55e1ea6
      size: 823
    outs:
    - path: metrics.json
      hash: md5
      md5: c992e107cdceea1417e7049334b3b3ad
      size: 139
